
Microsoft Visual Studio Solution File, Format Version 12.00
# Visual Studio Version 17
VisualStudioVersion = 17.8.34525.116
MinimumVisualStudioVersion = 10.0.40219.1
Project("{FAE04EC0-301F-11D3-BF4B-00C04F79EFBC}") = "Assignment2-SP-ALK", "Assignment2-SP-ALK.csproj", "{000C580E-29B1-482C-9D70-A9505FFA6763}"
EndProject
Global
	GlobalSection(SolutionConfigurationPlatforms) = preSolution
		Debug|Any CPU = Debug|Any CPU
		Release|Any CPU = Release|Any CPU
	EndGlobalSection
	GlobalSection(ProjectConfigurationPlatforms) = postSolution
		{000C580E-29B1-482C-9D70-A9505FFA6763}.Debug|Any CPU.ActiveCfg = Debug|Any CPU
		{000C580E-29B1-482C-9D70-A9505FFA6763}.Debug|Any CPU.Build.0 = Debug|Any CPU
		{000C580E-29B1-482C-9D70-A9505FFA6763}.Release|Any CPU.ActiveCfg = Release|Any CPU
		{000C580E-29B1-482C-9D70-A9505FFA6763}.Release|Any CPU.Build.0 = Release|Any CPU
	EndGlobalSection
	GlobalSection(SolutionProperties) = preSolution
		HideSolutionNode = FALSE
	EndGlobalSection
	GlobalSection(ExtensibilityGlobals) = postSolution
		SolutionGuid = {36CA1ECF-39F1-4539-B404-E6A88CEF7249}
	EndGlobalSection
EndGlobal
